
Microsoft Visual Studio Solution File, Format Version 12.00
# Visual Studio 15
VisualStudioVersion = 15.0.27130.2027
MinimumVisualStudioVersion = 10.0.40219.1
Project("{FAE04EC0-301F-11D3-BF4B-00C04F79EFBC}") = "milestone3App", "milestone3App\milestone3App.csproj", "{C59B97E2-D3DE-40C4-97B7-D8EEB6F5C1DF}"
EndProject
Global
	GlobalSection(SolutionConfigurationPlatforms) = preSolution
		Debug|Any CPU = Debug|Any CPU
		Release|Any CPU = Release|Any CPU
	EndGlobalSection
	GlobalSection(ProjectConfigurationPlatforms) = postSolution
		{C59B97E2-D3DE-40C4-97B7-D8EEB6F5C1DF}.Debug|Any CPU.ActiveCfg = Debug|Any CPU
		{C59B97E2-D3DE-40C4-97B7-D8EEB6F5C1DF}.Debug|Any CPU.Build.0 = Debug|Any CPU
		{C59B97E2-D3DE-40C4-97B7-D8EEB6F5C1DF}.Release|Any CPU.ActiveCfg = Release|Any CPU
		{C59B97E2-D3DE-40C4-97B7-D8EEB6F5C1DF}.Release|Any CPU.Build.0 = Release|Any CPU
	EndGlobalSection
	GlobalSection(SolutionProperties) = preSolution
		HideSolutionNode = FALSE
	EndGlobalSection
	GlobalSection(ExtensibilityGlobals) = postSolution
		SolutionGuid = {A309D77F-5927-4A1B-878C-015244BBAFF1}
	EndGlobalSection
EndGlobal
